
Microsoft Visual Studio Solution File, Format Version 12.00
# Visual Studio Version 17
VisualStudioVersion = 17.7.34031.279
MinimumVisualStudioVersion = 10.0.40219.1
Project("{8BC9CEB8-8B4A-11D0-8D11-00A0C91BC942}") = "Sparce_Matrix", "Sparce_Matrix\Sparce_Matrix.vcxproj", "{C8E62B4D-2910-41DA-9EF6-8842513D693A}"
EndProject
Global
	GlobalSection(SolutionConfigurationPlatforms) = preSolution
		Debug|x64 = Debug|x64
		Debug|x86 = Debug|x86
		Release|x64 = Release|x64
		Release|x86 = Release|x86
	EndGlobalSection
	GlobalSection(ProjectConfigurationPlatforms) = postSolution
		{C8E62B4D-2910-41DA-9EF6-8842513D693A}.Debug|x64.ActiveCfg = Debug|x64
		{C8E62B4D-2910-41DA-9EF6-8842513D693A}.Debug|x64.Build.0 = Debug|x64
		{C8E62B4D-2910-41DA-9EF6-8842513D693A}.Debug|x86.ActiveCfg = Debug|Win32
		{C8E62B4D-2910-41DA-9EF6-8842513D693A}.Debug|x86.Build.0 = Debug|Win32
		{C8E62B4D-2910-41DA-9EF6-8842513D693A}.Release|x64.ActiveCfg = Release|x64
		{C8E62B4D-2910-41DA-9EF6-8842513D693A}.Release|x64.Build.0 = Release|x64
		{C8E62B4D-2910-41DA-9EF6-8842513D693A}.Release|x86.ActiveCfg = Release|Win32
		{C8E62B4D-2910-41DA-9EF6-8842513D693A}.Release|x86.Build.0 = Release|Win32
	EndGlobalSection
	GlobalSection(SolutionProperties) = preSolution
		HideSolutionNode = FALSE
	EndGlobalSection
	GlobalSection(ExtensibilityGlobals) = postSolution
		SolutionGuid = {A12C68F9-7738-4D2F-B67C-A7822617D16F}
	EndGlobalSection
EndGlobal
