
Microsoft Visual Studio Solution File, Format Version 12.00
# Visual Studio Version 17
VisualStudioVersion = 17.7.34031.279
MinimumVisualStudioVersion = 10.0.40219.1
Project("{8BC9CEB8-8B4A-11D0-8D11-00A0C91BC942}") = "insertion_sort", "insertion_sort\insertion_sort.vcxproj", "{76D1C64B-405A-4DAB-811D-D321624EAE24}"
EndProject
Global
	GlobalSection(SolutionConfigurationPlatforms) = preSolution
		Debug|x64 = Debug|x64
		Debug|x86 = Debug|x86
		Release|x64 = Release|x64
		Release|x86 = Release|x86
	EndGlobalSection
	GlobalSection(ProjectConfigurationPlatforms) = postSolution
		{76D1C64B-405A-4DAB-811D-D321624EAE24}.Debug|x64.ActiveCfg = Debug|x64
		{76D1C64B-405A-4DAB-811D-D321624EAE24}.Debug|x64.Build.0 = Debug|x64
		{76D1C64B-405A-4DAB-811D-D321624EAE24}.Debug|x86.ActiveCfg = Debug|Win32
		{76D1C64B-405A-4DAB-811D-D321624EAE24}.Debug|x86.Build.0 = Debug|Win32
		{76D1C64B-405A-4DAB-811D-D321624EAE24}.Release|x64.ActiveCfg = Release|x64
		{76D1C64B-405A-4DAB-811D-D321624EAE24}.Release|x64.Build.0 = Release|x64
		{76D1C64B-405A-4DAB-811D-D321624EAE24}.Release|x86.ActiveCfg = Release|Win32
		{76D1C64B-405A-4DAB-811D-D321624EAE24}.Release|x86.Build.0 = Release|Win32
	EndGlobalSection
	GlobalSection(SolutionProperties) = preSolution
		HideSolutionNode = FALSE
	EndGlobalSection
	GlobalSection(ExtensibilityGlobals) = postSolution
		SolutionGuid = {32063F6E-4C16-41C5-BA3A-83B96E9CEC15}
	EndGlobalSection
EndGlobal
